# This file is autogenerated, do not edit; changes may be undone by the next 'dep ensure'.


[[projects]]
  branch = "master"
  digest = "1:700d71d14a43ea3d0a05e2eb5a3a3d9ea35fe7ea8d5a58e45fb846f65970ab89"
  name = "github.com/akito0107/generr"
  packages = [
    ".",
    "cmd/generr",
  ]
  pruneopts = "UT"
  revision = "6742108eebbf966fd93ba875214cdc5b3bdd9bcd"

[[projects]]
  branch = "master"
  digest = "1:86d119ee8a0fb122f2d0e0fbbbd5d2f65953029248743462ee3908a21ae04247"
  name = "github.com/andreyvit/diff"
  packages = ["."]
  pruneopts = "UT"
  revision = "c7f18ee00883bfd3b00e0a2bf7607827e0148ad4"

[[projects]]
  branch = "master"
  digest = "1:89cd2208bdeb192cc83ee287216af3c987fc87a90b9087718ad6631b636cefcf"
  name = "github.com/iancoleman/strcase"
  packages = ["."]
  pruneopts = "UT"
  revision = "3605ed457bf7f8caa1371b4fafadadc026673479"

[[projects]]
  digest = "1:616651a8fa3b94c9ab0eaea62d97199135115e02204724ac41b3d670899ab79f"
  name = "github.com/kyoh86/richgo"
  packages = [
    ".",
    "config",
    "editor",
    "editor/test",
  ]
  pruneopts = "UT"
  revision = "db38499ddf4b6b19be80057ad29e3cb74b0c7e4b"
  version = "v0.2.8"

[[projects]]
  branch = "master"
  digest = "1:99dcd38d7a3654cebad9c47f734e4f6916228b9ef6b65634d9dc03bc188c4457"
  name = "github.com/kyoh86/xdg"
  packages = ["."]
  pruneopts = "UT"
  revision = "fcdc7e7a466bd4a15ee12d462a6582ff35f90e81"

[[projects]]
  digest = "1:0981502f9816113c9c8c4ac301583841855c8cf4da8c72f696b3ebedf6d0e4e5"
  name = "github.com/mattn/go-isatty"
  packages = ["."]
  pruneopts = "UT"
  revision = "6ca4dbf54d38eea1a992b3c722a76a5d1c4cb25c"
  version = "v0.0.4"

[[projects]]
  branch = "master"
  digest = "1:906eb1ca3c8455e447b99a45237b2b9615b665608fd07ad12cce847dd9a1ec43"
  name = "github.com/morikuni/aec"
  packages = ["."]
  pruneopts = "UT"
  revision = "39771216ff4c63d11f5e604076f9c45e8be1067b"

[[projects]]
  digest = "1:40e195917a951a8bf867cd05de2a46aaf1806c50cf92eebf4c16f78cd196f747"
  name = "github.com/pkg/errors"
  packages = ["."]
  pruneopts = "UT"
  revision = "645ef00459ed84a119197bfb8d8205042c6df63d"
  version = "v0.8.0"

[[projects]]
  digest = "1:d917313f309bda80d27274d53985bc65651f81a5b66b820749ac7f8ef061fd04"
  name = "github.com/sergi/go-diff"
  packages = ["diffmatchpatch"]
  pruneopts = "UT"
  revision = "1744e2970ca51c86172c8190fadad617561ed6e7"
  version = "v1.0.0"

[[projects]]
  digest = "1:b24d38b282bacf9791408a080f606370efa3d364e4b5fd9ba0f7b87786d3b679"
  name = "github.com/urfave/cli"
  packages = ["."]
  pruneopts = "UT"
  revision = "cfb38830724cc34fedffe9a2a29fb54fa9169cd1"
  version = "v1.20.0"

[[projects]]
  branch = "master"
  digest = "1:9fcc75b4eb312c4027606dba9be0d3c22f58b5bcb82048b9cea6547535f71b11"
  name = "github.com/wacul/ptr"
  packages = ["."]
  pruneopts = "UT"
  revision = "91632201dfc876021121963a76f103bbe1756b09"

[[projects]]
  branch = "master"
  digest = "1:a62e80faf19c93dcbd7954a26fdb51acbfcb4b7161966adf1de531e593c4834a"
  name = "golang.org/x/sys"
  packages = ["unix"]
  pruneopts = "UT"
  revision = "93218def8b18e66adbdab3eca8ec334700329f1f"

[[projects]]
  branch = "master"
  digest = "1:695f2d3a70d68be5a203261eb1c53087d99d7c4af80a8f58a732bd518085d7e2"
  name = "golang.org/x/tools"
  packages = [
    "go/ast/astutil",
    "imports",
    "internal/fastwalk",
    "internal/gopathwalk",
  ]
  pruneopts = "UT"
  revision = "e77c06808af6317101c5a7124008b3f7e0103768"

[[projects]]
  digest = "1:342378ac4dcb378a5448dd723f0784ae519383532f5e70ade24132c4c8693202"
  name = "gopkg.in/yaml.v2"
  packages = ["."]
  pruneopts = "UT"
  revision = "5420a8b6744d3b0345ab293f6fcba19c978f1183"
  version = "v2.2.1"

[solve-meta]
  analyzer-name = "dep"
  analyzer-version = 1
  input-imports = [
    "github.com/akito0107/generr/cmd/generr",
    "github.com/andreyvit/diff",
    "github.com/kyoh86/richgo",
    "github.com/pkg/errors",
    "github.com/urfave/cli",
    "golang.org/x/tools/imports",
  ]
  solver-name = "gps-cdcl"
  solver-version = 1
